
Microsoft Visual Studio Solution File, Format Version 12.00
# Visual Studio Version 17
VisualStudioVersion = 17.8.34309.116
MinimumVisualStudioVersion = 10.0.40219.1
Project("{FAE04EC0-301F-11D3-BF4B-00C04F79EFBC}") = "mini_pr1", "mini_pr1\mini_pr1.csproj", "{2FE9457C-CEB5-41D3-887B-6C3433BCBAD9}"
EndProject
Global
	GlobalSection(SolutionConfigurationPlatforms) = preSolution
		Debug|Any CPU = Debug|Any CPU
		Release|Any CPU = Release|Any CPU
	EndGlobalSection
	GlobalSection(ProjectConfigurationPlatforms) = postSolution
		{2FE9457C-CEB5-41D3-887B-6C3433BCBAD9}.Debug|Any CPU.ActiveCfg = Debug|Any CPU
		{2FE9457C-CEB5-41D3-887B-6C3433BCBAD9}.Debug|Any CPU.Build.0 = Debug|Any CPU
		{2FE9457C-CEB5-41D3-887B-6C3433BCBAD9}.Release|Any CPU.ActiveCfg = Release|Any CPU
		{2FE9457C-CEB5-41D3-887B-6C3433BCBAD9}.Release|Any CPU.Build.0 = Release|Any CPU
	EndGlobalSection
	GlobalSection(SolutionProperties) = preSolution
		HideSolutionNode = FALSE
	EndGlobalSection
	GlobalSection(ExtensibilityGlobals) = postSolution
		SolutionGuid = {90AF9E3E-C2E9-4297-85D5-A53799518A9A}
	EndGlobalSection
EndGlobal
